
Microsoft Visual Studio Solution File, Format Version 12.00
# Visual Studio Version 17
VisualStudioVersion = 17.11.35303.130
MinimumVisualStudioVersion = 10.0.40219.1
Project("{9A19103F-16F7-4668-BE54-9A1E7A4F7556}") = "InfoSystem_v2", "InfoSystem_v2\InfoSystem_v2.csproj", "{BC39CB5A-9E2E-453F-B907-A2A1E273EDAA}"
EndProject
Project("{9A19103F-16F7-4668-BE54-9A1E7A4F7556}") = "SystemMonitorControls", "SystemMonitorControls\SystemMonitorControls.csproj", "{0B3D2A40-94CA-445B-9E56-8B875C883BCE}"
EndProject
Global
	GlobalSection(SolutionConfigurationPlatforms) = preSolution
		Debug|Any CPU = Debug|Any CPU
		Debug|x64 = Debug|x64
		Release|Any CPU = Release|Any CPU
		Release|x64 = Release|x64
	EndGlobalSection
	GlobalSection(ProjectConfigurationPlatforms) = postSolution
		{BC39CB5A-9E2E-453F-B907-A2A1E273EDAA}.Debug|Any CPU.ActiveCfg = Debug|Any CPU
		{BC39CB5A-9E2E-453F-B907-A2A1E273EDAA}.Debug|Any CPU.Build.0 = Debug|Any CPU
		{BC39CB5A-9E2E-453F-B907-A2A1E273EDAA}.Debug|x64.ActiveCfg = Debug|x64
		{BC39CB5A-9E2E-453F-B907-A2A1E273EDAA}.Debug|x64.Build.0 = Debug|x64
		{BC39CB5A-9E2E-453F-B907-A2A1E273EDAA}.Release|Any CPU.ActiveCfg = Release|Any CPU
		{BC39CB5A-9E2E-453F-B907-A2A1E273EDAA}.Release|Any CPU.Build.0 = Release|Any CPU
		{BC39CB5A-9E2E-453F-B907-A2A1E273EDAA}.Release|x64.ActiveCfg = Release|x64
		{BC39CB5A-9E2E-453F-B907-A2A1E273EDAA}.Release|x64.Build.0 = Release|x64
		{0B3D2A40-94CA-445B-9E56-8B875C883BCE}.Debug|Any CPU.ActiveCfg = Debug|Any CPU
		{0B3D2A40-94CA-445B-9E56-8B875C883BCE}.Debug|Any CPU.Build.0 = Debug|Any CPU
		{0B3D2A40-94CA-445B-9E56-8B875C883BCE}.Debug|x64.ActiveCfg = Debug|Any CPU
		{0B3D2A40-94CA-445B-9E56-8B875C883BCE}.Debug|x64.Build.0 = Debug|Any CPU
		{0B3D2A40-94CA-445B-9E56-8B875C883BCE}.Release|Any CPU.ActiveCfg = Release|Any CPU
		{0B3D2A40-94CA-445B-9E56-8B875C883BCE}.Release|Any CPU.Build.0 = Release|Any CPU
		{0B3D2A40-94CA-445B-9E56-8B875C883BCE}.Release|x64.ActiveCfg = Release|Any CPU
		{0B3D2A40-94CA-445B-9E56-8B875C883BCE}.Release|x64.Build.0 = Release|Any CPU
	EndGlobalSection
	GlobalSection(SolutionProperties) = preSolution
		HideSolutionNode = FALSE
	EndGlobalSection
	GlobalSection(ExtensibilityGlobals) = postSolution
		SolutionGuid = {408E20E2-5C50-4FF6-A91C-1BD4057EC08B}
	EndGlobalSection
EndGlobal
