
Microsoft Visual Studio Solution File, Format Version 12.00
# Visual Studio Version 17
VisualStudioVersion = 17.9.34728.123
MinimumVisualStudioVersion = 10.0.40219.1
Project("{9A19103F-16F7-4668-BE54-9A1E7A4F7556}") = "AIRH MAX", "AIRH MAX\AIRH MAX.csproj", "{C3F9EA76-C92E-4E42-A746-DE12EC4C84E9}"
EndProject
Project("{2150E333-8FDC-42A3-9474-1A3956D46DE8}") = "Modulos .NET", "Modulos .NET", "{6A30CE57-BCC3-44E4-BE83-E4ACE625DC82}"
EndProject
Project("{9A19103F-16F7-4668-BE54-9A1E7A4F7556}") = "InfoSystem_v2", "InfoSystem_v2\InfoSystem_v2\InfoSystem_v2.csproj", "{517BD3FB-0347-4816-9F51-1ADF2E92C498}"
EndProject
Project("{9A19103F-16F7-4668-BE54-9A1E7A4F7556}") = "SystemMonitorControls", "InfoSystem_v2\SystemMonitorControls\SystemMonitorControls.csproj", "{E9ED2402-1C43-4530-9213-A281AF72D11F}"
EndProject
Project("{FAE04EC0-301F-11D3-BF4B-00C04F79EFBC}") = "ErrorReportingNET", "ErrorReportingNET\ErrorReportingNET.csproj", "{69D4B458-E6B4-4AB7-87E9-837E21F3F30C}"
EndProject
Project("{FAE04EC0-301F-11D3-BF4B-00C04F79EFBC}") = "MAX", "MAX\MAX.csproj", "{62852CE8-F499-866C-8D24-313DC847EF89}"
EndProject
Project("{FAE04EC0-301F-11D3-BF4B-00C04F79EFBC}") = "PiperSharp", "PiperSharp\PiperSharp.csproj", "{2EF9135F-8F4F-7F76-1B43-E9844191CDA1}"
EndProject
Project("{FAE04EC0-301F-11D3-BF4B-00C04F79EFBC}") = "Vosk_STT", "ASR_Vosk\Vosk_STT.csproj", "{08FBB2ED-FCEE-7BCB-2AB2-F0CB4255D3CE}"
EndProject
Project("{FAE04EC0-301F-11D3-BF4B-00C04F79EFBC}") = "LLM_ServerMain", "LLM_ServerMain\LLM_ServerMain.csproj", "{AFE314EC-2FDD-4034-8ADC-9CF836D629D7}"
EndProject
Project("{FAE04EC0-301F-11D3-BF4B-00C04F79EFBC}") = "VerifyLi", "VerifyLi\VerifyLi.csproj", "{14856C1E-C089-524D-2BBC-B1C5F65AC7AB}"
EndProject
Global
	GlobalSection(SolutionConfigurationPlatforms) = preSolution
		Debug|x64 = Debug|x64
		Release|x64 = Release|x64
	EndGlobalSection
	GlobalSection(ProjectConfigurationPlatforms) = postSolution
		{C3F9EA76-C92E-4E42-A746-DE12EC4C84E9}.Debug|x64.ActiveCfg = Debug|x64
		{C3F9EA76-C92E-4E42-A746-DE12EC4C84E9}.Debug|x64.Build.0 = Debug|x64
		{C3F9EA76-C92E-4E42-A746-DE12EC4C84E9}.Release|x64.ActiveCfg = Release|x64
		{C3F9EA76-C92E-4E42-A746-DE12EC4C84E9}.Release|x64.Build.0 = Release|x64
		{517BD3FB-0347-4816-9F51-1ADF2E92C498}.Debug|x64.ActiveCfg = Debug|x64
		{517BD3FB-0347-4816-9F51-1ADF2E92C498}.Debug|x64.Build.0 = Debug|x64
		{517BD3FB-0347-4816-9F51-1ADF2E92C498}.Release|x64.ActiveCfg = Release|x64
		{517BD3FB-0347-4816-9F51-1ADF2E92C498}.Release|x64.Build.0 = Release|x64
		{E9ED2402-1C43-4530-9213-A281AF72D11F}.Debug|x64.ActiveCfg = Debug|Any CPU
		{E9ED2402-1C43-4530-9213-A281AF72D11F}.Debug|x64.Build.0 = Debug|Any CPU
		{E9ED2402-1C43-4530-9213-A281AF72D11F}.Release|x64.ActiveCfg = Release|Any CPU
		{E9ED2402-1C43-4530-9213-A281AF72D11F}.Release|x64.Build.0 = Release|Any CPU
		{69D4B458-E6B4-4AB7-87E9-837E21F3F30C}.Debug|x64.ActiveCfg = Debug|Any CPU
		{69D4B458-E6B4-4AB7-87E9-837E21F3F30C}.Debug|x64.Build.0 = Debug|Any CPU
		{69D4B458-E6B4-4AB7-87E9-837E21F3F30C}.Release|x64.ActiveCfg = Release|Any CPU
		{69D4B458-E6B4-4AB7-87E9-837E21F3F30C}.Release|x64.Build.0 = Release|Any CPU
		{62852CE8-F499-866C-8D24-313DC847EF89}.Debug|x64.ActiveCfg = Debug|Any CPU
		{62852CE8-F499-866C-8D24-313DC847EF89}.Debug|x64.Build.0 = Debug|Any CPU
		{62852CE8-F499-866C-8D24-313DC847EF89}.Release|x64.ActiveCfg = Release|Any CPU
		{62852CE8-F499-866C-8D24-313DC847EF89}.Release|x64.Build.0 = Release|Any CPU
		{2EF9135F-8F4F-7F76-1B43-E9844191CDA1}.Debug|x64.ActiveCfg = Debug|Any CPU
		{2EF9135F-8F4F-7F76-1B43-E9844191CDA1}.Debug|x64.Build.0 = Debug|Any CPU
		{2EF9135F-8F4F-7F76-1B43-E9844191CDA1}.Release|x64.ActiveCfg = Release|Any CPU
		{2EF9135F-8F4F-7F76-1B43-E9844191CDA1}.Release|x64.Build.0 = Release|Any CPU
		{08FBB2ED-FCEE-7BCB-2AB2-F0CB4255D3CE}.Debug|x64.ActiveCfg = Debug|Any CPU
		{08FBB2ED-FCEE-7BCB-2AB2-F0CB4255D3CE}.Debug|x64.Build.0 = Debug|Any CPU
		{08FBB2ED-FCEE-7BCB-2AB2-F0CB4255D3CE}.Release|x64.ActiveCfg = Release|Any CPU
		{08FBB2ED-FCEE-7BCB-2AB2-F0CB4255D3CE}.Release|x64.Build.0 = Release|Any CPU
		{AFE314EC-2FDD-4034-8ADC-9CF836D629D7}.Debug|x64.ActiveCfg = Debug|Any CPU
		{AFE314EC-2FDD-4034-8ADC-9CF836D629D7}.Debug|x64.Build.0 = Debug|Any CPU
		{AFE314EC-2FDD-4034-8ADC-9CF836D629D7}.Release|x64.ActiveCfg = Release|Any CPU
		{AFE314EC-2FDD-4034-8ADC-9CF836D629D7}.Release|x64.Build.0 = Release|Any CPU
		{14856C1E-C089-524D-2BBC-B1C5F65AC7AB}.Debug|x64.ActiveCfg = Debug|Any CPU
		{14856C1E-C089-524D-2BBC-B1C5F65AC7AB}.Debug|x64.Build.0 = Debug|Any CPU
		{14856C1E-C089-524D-2BBC-B1C5F65AC7AB}.Release|x64.ActiveCfg = Release|Any CPU
		{14856C1E-C089-524D-2BBC-B1C5F65AC7AB}.Release|x64.Build.0 = Release|Any CPU
	EndGlobalSection
	GlobalSection(SolutionProperties) = preSolution
		HideSolutionNode = FALSE
	EndGlobalSection
	GlobalSection(NestedProjects) = preSolution
		{517BD3FB-0347-4816-9F51-1ADF2E92C498} = {6A30CE57-BCC3-44E4-BE83-E4ACE625DC82}
		{E9ED2402-1C43-4530-9213-A281AF72D11F} = {6A30CE57-BCC3-44E4-BE83-E4ACE625DC82}
		{69D4B458-E6B4-4AB7-87E9-837E21F3F30C} = {6A30CE57-BCC3-44E4-BE83-E4ACE625DC82}
		{62852CE8-F499-866C-8D24-313DC847EF89} = {6A30CE57-BCC3-44E4-BE83-E4ACE625DC82}
		{2EF9135F-8F4F-7F76-1B43-E9844191CDA1} = {6A30CE57-BCC3-44E4-BE83-E4ACE625DC82}
		{08FBB2ED-FCEE-7BCB-2AB2-F0CB4255D3CE} = {6A30CE57-BCC3-44E4-BE83-E4ACE625DC82}
		{AFE314EC-2FDD-4034-8ADC-9CF836D629D7} = {6A30CE57-BCC3-44E4-BE83-E4ACE625DC82}
		{14856C1E-C089-524D-2BBC-B1C5F65AC7AB} = {6A30CE57-BCC3-44E4-BE83-E4ACE625DC82}
	EndGlobalSection
	GlobalSection(ExtensibilityGlobals) = postSolution
		SolutionGuid = {19DCE1E4-E860-4BAE-8510-D57A0198224E}
	EndGlobalSection
EndGlobal
